// !$*UTF8*$!
{
	archiveVersion = 1;
	classes = {
	};
	objectVersion = 48;
	objects = {

/* Begin PBXBuildFile section */
		74EF8B59209BAC87002E121F /* ImpairedViewController.swift in Sources */ = {isa = PBXBuildFile; fileRef = 74EF8B58209BAC87002E121F /* ImpairedViewController.swift */; };
		7E11DE361FD1DC0D009CAF98 /* SixCaps.ttf in Resources */ = {isa = PBXBuildFile; fileRef = 7E11DE351FD1DC0D009CAF98 /* SixCaps.ttf */; };
		7E11DE381FD1DFC2009CAF98 /* FullViewController.swift in Sources */ = {isa = PBXBuildFile; fileRef = 7E11DE371FD1DFC2009CAF98 /* FullViewController.swift */; };
		7E11DE3C1FD1E2E1009CAF98 /* BlindViewController.swift in Sources */ = {isa = PBXBuildFile; fileRef = 7E11DE3B1FD1E2E1009CAF98 /* BlindViewController.swift */; };
		7E11DE3E1FD1E2FC009CAF98 /* BlindCameraViewController.swift in Sources */ = {isa = PBXBuildFile; fileRef = 7E11DE3D1FD1E2FC009CAF98 /* BlindCameraViewController.swift */; };
		7EA2F9D62045E22000052DD8 /* FaceViewController.swift in Sources */ = {isa = PBXBuildFile; fileRef = 7EA2F9D52045E22000052DD8 /* FaceViewController.swift */; };
		7EB355A01FD1DB3B00089E13 /* AppDelegate.swift in Sources */ = {isa = PBXBuildFile; fileRef = 7EB3559F1FD1DB3B00089E13 /* AppDelegate.swift */; };
		7EB355A21FD1DB3B00089E13 /* OptionsViewController.swift in Sources */ = {isa = PBXBuildFile; fileRef = 7EB355A11FD1DB3B00089E13 /* OptionsViewController.swift */; };
		7EB355A51FD1DB3B00089E13 /* Main.storyboard in Resources */ = {isa = PBXBuildFile; fileRef = 7EB355A31FD1DB3B00089E13 /* Main.storyboard */; };
		7EB355A71FD1DB3B00089E13 /* Assets.xcassets in Resources */ = {isa = PBXBuildFile; fileRef = 7EB355A61FD1DB3B00089E13 /* Assets.xcassets */; };
		7EB355AA1FD1DB3B00089E13 /* LaunchScreen.storyboard in Resources */ = {isa = PBXBuildFile; fileRef = 7EB355A81FD1DB3B00089E13 /* LaunchScreen.storyboard */; };
		7EE393E1202C715A00416A72 /* Inceptionv3.mlmodel in Sources */ = {isa = PBXBuildFile; fileRef = 7EE393E0202C715A00416A72 /* Inceptionv3.mlmodel */; };
/* End PBXBuildFile section */

/* Begin PBXFileReference section */
		74EF8B58209BAC87002E121F /* ImpairedViewController.swift */ = {isa = PBXFileReference; lastKnownFileType = sourcecode.swift; path = ImpairedViewController.swift; sourceTree = "<group>"; };
		7E11DE351FD1DC0D009CAF98 /* SixCaps.ttf */ = {isa = PBXFileReference; lastKnownFileType = file; path = SixCaps.ttf; sourceTree = "<group>"; };
		7E11DE371FD1DFC2009CAF98 /* FullViewController.swift */ = {isa = PBXFileReference; lastKnownFileType = sourcecode.swift; path = FullViewController.swift; sourceTree = "<group>"; };
		7E11DE3B1FD1E2E1009CAF98 /* BlindViewController.swift */ = {isa = PBXFileReference; lastKnownFileType = sourcecode.swift; path = BlindViewController.swift; sourceTree = "<group>"; };
		7E11DE3D1FD1E2FC009CAF98 /* BlindCameraViewController.swift */ = {isa = PBXFileReference; lastKnownFileType = sourcecode.swift; path = BlindCameraViewController.swift; sourceTree = "<group>"; };
		7EA2F9D52045E22000052DD8 /* FaceViewController.swift */ = {isa = PBXFileReference; lastKnownFileType = sourcecode.swift; path = FaceViewController.swift; sourceTree = "<group>"; };
		7EB3559C1FD1DB3B00089E13 /* SIGHT.app */ = {isa = PBXFileReference; explicitFileType = wrapper.application; includeInIndex = 0; path = SIGHT.app; sourceTree = BUILT_PRODUCTS_DIR; };
		7EB3559F1FD1DB3B00089E13 /* AppDelegate.swift */ = {isa = PBXFileReference; lastKnownFileType = sourcecode.swift; path = AppDelegate.swift; sourceTree = "<group>"; };
		7EB355A11FD1DB3B00089E13 /* OptionsViewController.swift */ = {isa = PBXFileReference; lastKnownFileType = sourcecode.swift; path = OptionsViewController.swift; sourceTree = "<group>"; };
		7EB355A41FD1DB3B00089E13 /* Base */ = {isa = PBXFileReference; lastKnownFileType = file.storyboard; name = Base; path = Base.lproj/Main.storyboard; sourceTree = "<group>"; };
		7EB355A61FD1DB3B00089E13 /* Assets.xcassets */ = {isa = PBXFileReference; lastKnownFileType = folder.assetcatalog; path = Assets.xcassets; sourceTree = "<group>"; };
		7EB355A91FD1DB3B00089E13 /* Base */ = {isa = PBXFileReference; lastKnownFileType = file.storyboard; name = Base; path = Base.lproj/LaunchScreen.storyboard; sourceTree = "<group>"; };
		7EB355AB1FD1DB3B00089E13 /* Info.plist */ = {isa = PBXFileReference; lastKnownFileType = text.plist.xml; path = Info.plist; sourceTree = "<group>"; };
		7EE393E0202C715A00416A72 /* Inceptionv3.mlmodel */ = {isa = PBXFileReference; lastKnownFileType = file.mlmodel; path = Inceptionv3.mlmodel; sourceTree = "<group>"; };
/* End PBXFileReference section */

/* Begin PBXFrameworksBuildPhase section */
		7EB355991FD1DB3B00089E13 /* Frameworks */ = {
			isa = PBXFrameworksBuildPhase;
			buildActionMask = 2147483647;
			files = (
			);
			runOnlyForDeploymentPostprocessing = 0;
		};
/* End PBXFrameworksBuildPhase section */

/* Begin PBXGroup section */
		7EB355931FD1DB3B00089E13 = {
			isa = PBXGroup;
			children = (
				7EB3559E1FD1DB3B00089E13 /* SIGHT */,
				7EB3559D1FD1DB3B00089E13 /* Products */,
			);
			sourceTree = "<group>";
		};
		7EB3559D1FD1DB3B00089E13 /* Products */ = {
			isa = PBXGroup;
			children = (
				7EB3559C1FD1DB3B00089E13 /* SIGHT.app */,
			);
			name = Products;
			sourceTree = "<group>";
		};
		7EB3559E1FD1DB3B00089E13 /* SIGHT */ = {
			isa = PBXGroup;
			children = (
				7EE393E0202C715A00416A72 /* Inceptionv3.mlmodel */,
				7EB3559F1FD1DB3B00089E13 /* AppDelegate.swift */,
				7EB355A11FD1DB3B00089E13 /* OptionsViewController.swift */,
				7E11DE371FD1DFC2009CAF98 /* FullViewController.swift */,
				74EF8B58209BAC87002E121F /* ImpairedViewController.swift */,
				7EB355A31FD1DB3B00089E13 /* Main.storyboard */,
				7E11DE3D1FD1E2FC009CAF98 /* BlindCameraViewController.swift */,
				7E11DE3B1FD1E2E1009CAF98 /* BlindViewController.swift */,
				7EB355A61FD1DB3B00089E13 /* Assets.xcassets */,
				7EB355A81FD1DB3B00089E13 /* LaunchScreen.storyboard */,
				7E11DE351FD1DC0D009CAF98 /* SixCaps.ttf */,
				7EB355AB1FD1DB3B00089E13 /* Info.plist */,
				7EA2F9D52045E22000052DD8 /* FaceViewController.swift */,
			);
			path = SIGHT;
			sourceTree = "<group>";
		};
/* End PBXGroup section */

/* Begin PBXNativeTarget section */
		7EB3559B1FD1DB3B00089E13 /* SIGHT */ = {
			isa = PBXNativeTarget;
			buildConfigurationList = 7EB355AE1FD1DB3B00089E13 /* Build configuration list for PBXNativeTarget "SIGHT" */;
			buildPhases = (
				7EB355981FD1DB3B00089E13 /* Sources */,
				7EB355991FD1DB3B00089E13 /* Frameworks */,
				7EB3559A1FD1DB3B00089E13 /* Resources */,
			);
			buildRules = (
			);
			dependencies = (
			);
			name = SIGHT;
			productName = SIGHT;
			productReference = 7EB3559C1FD1DB3B00089E13 /* SIGHT.app */;
			productType = "com.apple.product-type.application";
		};
/* End PBXNativeTarget section */

/* Begin PBXProject section */
		7EB355941FD1DB3B00089E13 /* Project object */ = {
			isa = PBXProject;
			attributes = {
				LastSwiftUpdateCheck = 0910;
				LastUpgradeCheck = 0910;
				ORGANIZATIONNAME = "Samuel Gray";
				TargetAttributes = {
					7EB3559B1FD1DB3B00089E13 = {
						CreatedOnToolsVersion = 9.1;
						ProvisioningStyle = Automatic;
					};
				};
			};
			buildConfigurationList = 7EB355971FD1DB3B00089E13 /* Build configuration list for PBXProject "SIGHT" */;
			compatibilityVersion = "Xcode 8.0";
			developmentRegion = en;
			hasScannedForEncodings = 0;
			knownRegions = (
				en,
				Base,
			);
			mainGroup = 7EB355931FD1DB3B00089E13;
			productRefGroup = 7EB3559D1FD1DB3B00089E13 /* Products */;
			projectDirPath = "";
			projectRoot = "";
			targets = (
				7EB3559B1FD1DB3B00089E13 /* SIGHT */,
			);
		};
/* End PBXProject section */

/* Begin PBXResourcesBuildPhase section */
		7EB3559A1FD1DB3B00089E13 /* Resources */ = {
			isa = PBXResourcesBuildPhase;
			buildActionMask = 2147483647;
			files = (
				7EB355AA1FD1DB3B00089E13 /* LaunchScreen.storyboard in Resources */,
				7EB355A71FD1DB3B00089E13 /* Assets.xcassets in Resources */,
				7E11DE361FD1DC0D009CAF98 /* SixCaps.ttf in Resources */,
				7EB355A51FD1DB3B00089E13 /* Main.storyboard in Resources */,
			);
			runOnlyForDeploymentPostprocessing = 0;
		};
/* End PBXResourcesBuildPhase section */

/* Begin PBXSourcesBuildPhase section */
		7EB355981FD1DB3B00089E13 /* Sources */ = {
			isa = PBXSourcesBuildPhase;
			buildActionMask = 2147483647;
			files = (
				7E11DE3C1FD1E2E1009CAF98 /* BlindViewController.swift in Sources */,
				74EF8B59209BAC87002E121F /* ImpairedViewController.swift in Sources */,
				7EA2F9D62045E22000052DD8 /* FaceViewController.swift in Sources */,
				7E11DE381FD1DFC2009CAF98 /* FullViewController.swift in Sources */,
				7EB355A21FD1DB3B00089E13 /* OptionsViewController.swift in Sources */,
				7EB355A01FD1DB3B00089E13 /* AppDelegate.swift in Sources */,
				7E11DE3E1FD1E2FC009CAF98 /* BlindCameraViewController.swift in Sources */,
				7EE393E1202C715A00416A72 /* Inceptionv3.mlmodel in Sources */,
			);
			runOnlyForDeploymentPostprocessing = 0;
		};
/* End PBXSourcesBuildPhase section */

/* Begin PBXVariantGroup section */
		7EB355A31FD1DB3B00089E13 /* Main.storyboard */ = {
			isa = PBXVariantGroup;
			children = (
				7EB355A41FD1DB3B00089E13 /* Base */,
			);
			name = Main.storyboard;
			sourceTree = "<group>";
		};
		7EB355A81FD1DB3B00089E13 /* LaunchScreen.storyboard */ = {
			isa = PBXVariantGroup;
			children = (
				7EB355A91FD1DB3B00089E13 /* Base */,
			);
			name = LaunchScreen.storyboard;
			sourceTree = "<group>";
		};
/* End PBXVariantGroup section */

/* Begin XCBuildConfiguration section */
		7EB355AC1FD1DB3B00089E13 /* Debug */ = {
			isa = XCBuildConfiguration;
			buildSettings = {
				ALWAYS_SEARCH_USER_PATHS = NO;
				CLANG_ANALYZER_NONNULL = YES;
				CLANG_ANALYZER_NUMBER_OBJECT_CONVERSION = YES_AGGRESSIVE;
				CLANG_CXX_LANGUAGE_STANDARD = "gnu++14";
				CLANG_CXX_LIBRARY = "libc++";
				CLANG_ENABLE_MODULES = YES;
				CLANG_ENABLE_OBJC_ARC = YES;
				CLANG_WARN_BLOCK_CAPTURE_AUTORELEASING = YES;
				CLANG_WARN_BOOL_CONVERSION = YES;
				CLANG_WARN_COMMA = YES;
				CLANG_WARN_CONSTANT_CONVERSION = YES;
				CLANG_WARN_DIRECT_OBJC_ISA_USAGE = YES_ERROR;
				CLANG_WARN_DOCUMENTATION_COMMENTS = YES;
				CLANG_WARN_EMPTY_BODY = YES;
				CLANG_WARN_ENUM_CONVERSION = YES;
				CLANG_WARN_INFINITE_RECURSION = YES;
				CLANG_WARN_INT_CONVERSION = YES;
				CLANG_WARN_NON_LITERAL_NULL_CONVERSION = YES;
				CLANG_WARN_OBJC_LITERAL_CONVERSION = YES;
				CLANG_WARN_OBJC_ROOT_CLASS = YES_ERROR;
				CLANG_WARN_RANGE_LOOP_ANALYSIS = YES;
				CLANG_WARN_STRICT_PROTOTYPES = YES;
				CLANG_WARN_SUSPICIOUS_MOVE = YES;
				CLANG_WARN_UNGUARDED_AVAILABILITY = YES_AGGRESSIVE;
				CLANG_WARN_UNREACHABLE_CODE = YES;
				CLANG_WARN__DUPLICATE_METHOD_MATCH = YES;
				CODE_SIGN_IDENTITY = "iPhone Developer";
				COPY_PHASE_STRIP = NO;
				DEBUG_INFORMATION_FORMAT = dwarf;
				ENABLE_STRICT_OBJC_MSGSEND = YES;
				ENABLE_TESTABILITY = YES;
				GCC_C_LANGUAGE_STANDARD = gnu11;
				GCC_DYNAMIC_NO_PIC = NO;
				GCC_NO_COMMON_BLOCKS = YES;
				GCC_OPTIMIZATION_LEVEL = 0;
				GCC_PREPROCESSOR_DEFINITIONS = (
					"DEBUG=1",
					"$(inherited)",
				);
				GCC_WARN_64_TO_32_BIT_CONVERSION = YES;
				GCC_WARN_ABOUT_RETURN_TYPE = YES_ERROR;
				GCC_WARN_UNDECLARED_SELECTOR = YES;
				GCC_WARN_UNINITIALIZED_AUTOS = YES_AGGRESSIVE;
				GCC_WARN_UNUSED_FUNCTION = YES;
				GCC_WARN_UNUSED_VARIABLE = YES;
				IPHONEOS_DEPLOYMENT_TARGET = 11.1;
				MTL_ENABLE_DEBUG_INFO = YES;
				ONLY_ACTIVE_ARCH = YES;
				SDKROOT = iphoneos;
				SWIFT_ACTIVE_COMPILATION_CONDITIONS = DEBUG;
				SWIFT_OPTIMIZATION_LEVEL = "-Onone";
			};
			name = Debug;
		};
		7EB355AD1FD1DB3B00089E13 /* Release */ = {
			isa = XCBuildConfiguration;
			buildSettings = {
				ALWAYS_SEARCH_USER_PATHS = NO;
				CLANG_ANALYZER_NONNULL = YES;
				CLANG_ANALYZER_NUMBER_OBJECT_CONVERSION = YES_AGGRESSIVE;
				CLANG_CXX_LANGUAGE_STANDARD = "gnu++14";
				CLANG_CXX_LIBRARY = "libc++";
				CLANG_ENABLE_MODULES = YES;
				CLANG_ENABLE_OBJC_ARC = YES;
				CLANG_WARN_BLOCK_CAPTURE_AUTORELEASING = YES;
				CLANG_WARN_BOOL_CONVERSION = YES;
				CLANG_WARN_COMMA = YES;
				CLANG_WARN_CONSTANT_CONVERSION = YES;
				CLANG_WARN_DIRECT_OBJC_ISA_USAGE = YES_ERROR;
				CLANG_WARN_DOCUMENTATION_COMMENTS = YES;
				CLANG_WARN_EMPTY_BODY = YES;
				CLANG_WARN_ENUM_CONVERSION = YES;
				CLANG_WARN_INFINITE_RECURSION = YES;
				CLANG_WARN_INT_CONVERSION = YES;
				CLANG_WARN_NON_LITERAL_NULL_CONVERSION = YES;
				CLANG_WARN_OBJC_LITERAL_CONVERSION = YES;
				CLANG_WARN_OBJC_ROOT_CLASS = YES_ERROR;
				CLANG_WARN_RANGE_LOOP_ANALYSIS = YES;
				CLANG_WARN_STRICT_PROTOTYPES = YES;
				CLANG_WARN_SUSPICIOUS_MOVE = YES;
				CLANG_WARN_UNGUARDED_AVAILABILITY = YES_AGGRESSIVE;
				CLANG_WARN_UNREACHABLE_CODE = YES;
				CLANG_WARN__DUPLICATE_METHOD_MATCH = YES;
				CODE_SIGN_IDENTITY = "iPhone Developer";
				COPY_PHASE_STRIP = NO;
				DEBUG_INFORMATION_FORMAT = "dwarf-with-dsym";
				ENABLE_NS_ASSERTIONS = NO;
				ENABLE_STRICT_OBJC_MSGSEND = YES;
				GCC_C_LANGUAGE_STANDARD = gnu11;
				GCC_NO_COMMON_BLOCKS = YES;
				GCC_WARN_64_TO_32_BIT_CONVERSION = YES;
				GCC_WARN_ABOUT_RETURN_TYPE = YES_ERROR;
				GCC_WARN_UNDECLARED_SELECTOR = YES;
				GCC_WARN_UNINITIALIZED_AUTOS = YES_AGGRESSIVE;
				GCC_WARN_UNUSED_FUNCTION = YES;
				GCC_WARN_UNUSED_VARIABLE = YES;
				IPHONEOS_DEPLOYMENT_TARGET = 11.1;
				MTL_ENABLE_DEBUG_INFO = NO;
				SDKROOT = iphoneos;
				SWIFT_OPTIMIZATION_LEVEL = "-Owholemodule";
				VALIDATE_PRODUCT = YES;
			};
			name = Release;
		};
		7EB355AF1FD1DB3B00089E13 /* Debug */ = {
			isa = XCBuildConfiguration;
			buildSettings = {
				ASSETCATALOG_COMPILER_APPICON_NAME = AppIcon;
				CODE_SIGN_STYLE = Automatic;
				DEVELOPMENT_TEAM = E4Y6DA7TD6;
				INFOPLIST_FILE = SIGHT/Info.plist;
				LD_RUNPATH_SEARCH_PATHS = "$(inherited) @executable_path/Frameworks";
				PRODUCT_BUNDLE_IDENTIFIER = com.samuelgray.SIGHT;
				PRODUCT_NAME = "$(TARGET_NAME)";
				SWIFT_VERSION = 4.0;
				TARGETED_DEVICE_FAMILY = "1,2";
			};
			name = Debug;
		};
		7EB355B01FD1DB3B00089E13 /* Release */ = {
			isa = XCBuildConfiguration;
			buildSettings = {
				ASSETCATALOG_COMPILER_APPICON_NAME = AppIcon;
				CODE_SIGN_STYLE = Automatic;
				DEVELOPMENT_TEAM = E4Y6DA7TD6;
				INFOPLIST_FILE = SIGHT/Info.plist;
				LD_RUNPATH_SEARCH_PATHS = "$(inherited) @executable_path/Frameworks";
				PRODUCT_BUNDLE_IDENTIFIER = com.samuelgray.SIGHT;
				PRODUCT_NAME = "$(TARGET_NAME)";
				SWIFT_VERSION = 4.0;
				TARGETED_DEVICE_FAMILY = "1,2";
			};
			name = Release;
		};
/* End XCBuildConfiguration section */

/* Begin XCConfigurationList section */
		7EB355971FD1DB3B00089E13 /* Build configuration list for PBXProject "SIGHT" */ = {
			isa = XCConfigurationList;
			buildConfigurations = (
				7EB355AC1FD1DB3B00089E13 /* Debug */,
				7EB355AD1FD1DB3B00089E13 /* Release */,
			);
			defaultConfigurationIsVisible = 0;
			defaultConfigurationName = Release;
		};
		7EB355AE1FD1DB3B00089E13 /* Build configuration list for PBXNativeTarget "SIGHT" */ = {
			isa = XCConfigurationList;
			buildConfigurations = (
				7EB355AF1FD1DB3B00089E13 /* Debug */,
				7EB355B01FD1DB3B00089E13 /* Release */,
			);
			defaultConfigurationIsVisible = 0;
			defaultConfigurationName = Release;
		};
/* End XCConfigurationList section */
	};
	rootObject = 7EB355941FD1DB3B00089E13 /* Project object */;
}
